
Microsoft Visual Studio Solution File, Format Version 12.00
# Visual Studio Version 16
VisualStudioVersion = 16.0.30204.135
MinimumVisualStudioVersion = 10.0.40219.1
Project("{FAE04EC0-301F-11D3-BF4B-00C04F79EFBC}") = "Page 290", "Page 290.csproj", "{767BB782-CD08-487E-B233-3E6F89C3FEEF}"
EndProject
Global
	GlobalSection(SolutionConfigurationPlatforms) = preSolution
		Debug|Any CPU = Debug|Any CPU
		Release|Any CPU = Release|Any CPU
	EndGlobalSection
	GlobalSection(ProjectConfigurationPlatforms) = postSolution
		{767BB782-CD08-487E-B233-3E6F89C3FEEF}.Debug|Any CPU.ActiveCfg = Debug|Any CPU
		{767BB782-CD08-487E-B233-3E6F89C3FEEF}.Debug|Any CPU.Build.0 = Debug|Any CPU
		{767BB782-CD08-487E-B233-3E6F89C3FEEF}.Release|Any CPU.ActiveCfg = Release|Any CPU
		{767BB782-CD08-487E-B233-3E6F89C3FEEF}.Release|Any CPU.Build.0 = Release|Any CPU
	EndGlobalSection
	GlobalSection(SolutionProperties) = preSolution
		HideSolutionNode = FALSE
	EndGlobalSection
	GlobalSection(ExtensibilityGlobals) = postSolution
		SolutionGuid = {A22F568B-4FF5-485B-A0CD-7C2F4CCEEA46}
	EndGlobalSection
EndGlobal
