
Microsoft Visual Studio Solution File, Format Version 12.00
# Visual Studio Version 16
VisualStudioVersion = 16.0.30204.135
MinimumVisualStudioVersion = 10.0.40219.1
Project("{FAE04EC0-301F-11D3-BF4B-00C04F79EFBC}") = "TechAcademyDailyReport", "TechAcademyDailyReport.csproj", "{86F8EC95-A2DD-4480-9FC5-B25AF3E603F9}"
EndProject
Global
	GlobalSection(SolutionConfigurationPlatforms) = preSolution
		Debug|Any CPU = Debug|Any CPU
		Release|Any CPU = Release|Any CPU
	EndGlobalSection
	GlobalSection(ProjectConfigurationPlatforms) = postSolution
		{86F8EC95-A2DD-4480-9FC5-B25AF3E603F9}.Debug|Any CPU.ActiveCfg = Debug|Any CPU
		{86F8EC95-A2DD-4480-9FC5-B25AF3E603F9}.Debug|Any CPU.Build.0 = Debug|Any CPU
		{86F8EC95-A2DD-4480-9FC5-B25AF3E603F9}.Release|Any CPU.ActiveCfg = Release|Any CPU
		{86F8EC95-A2DD-4480-9FC5-B25AF3E603F9}.Release|Any CPU.Build.0 = Release|Any CPU
	EndGlobalSection
	GlobalSection(SolutionProperties) = preSolution
		HideSolutionNode = FALSE
	EndGlobalSection
	GlobalSection(ExtensibilityGlobals) = postSolution
		SolutionGuid = {042263D3-5BFA-4606-9FF6-BAFE2DE4CA6A}
	EndGlobalSection
EndGlobal
