
Microsoft Visual Studio Solution File, Format Version 12.00
# Visual Studio Version 16
VisualStudioVersion = 16.0.30204.135
MinimumVisualStudioVersion = 10.0.40219.1
Project("{FAE04EC0-301F-11D3-BF4B-00C04F79EFBC}") = "TwentyOne", "TwentyOne.csproj", "{144B9E19-A56F-4092-A2BA-AAE6BE3C699A}"
EndProject
Project("{FAE04EC0-301F-11D3-BF4B-00C04F79EFBC}") = "Casino", "..\Casino\Casino.csproj", "{E597D35E-7203-493D-B3F6-5A3F81F052DA}"
EndProject
Global
	GlobalSection(SolutionConfigurationPlatforms) = preSolution
		Debug|Any CPU = Debug|Any CPU
		Release|Any CPU = Release|Any CPU
	EndGlobalSection
	GlobalSection(ProjectConfigurationPlatforms) = postSolution
		{144B9E19-A56F-4092-A2BA-AAE6BE3C699A}.Debug|Any CPU.ActiveCfg = Debug|Any CPU
		{144B9E19-A56F-4092-A2BA-AAE6BE3C699A}.Debug|Any CPU.Build.0 = Debug|Any CPU
		{144B9E19-A56F-4092-A2BA-AAE6BE3C699A}.Release|Any CPU.ActiveCfg = Release|Any CPU
		{144B9E19-A56F-4092-A2BA-AAE6BE3C699A}.Release|Any CPU.Build.0 = Release|Any CPU
		{E597D35E-7203-493D-B3F6-5A3F81F052DA}.Debug|Any CPU.ActiveCfg = Debug|Any CPU
		{E597D35E-7203-493D-B3F6-5A3F81F052DA}.Debug|Any CPU.Build.0 = Debug|Any CPU
		{E597D35E-7203-493D-B3F6-5A3F81F052DA}.Release|Any CPU.ActiveCfg = Release|Any CPU
		{E597D35E-7203-493D-B3F6-5A3F81F052DA}.Release|Any CPU.Build.0 = Release|Any CPU
	EndGlobalSection
	GlobalSection(SolutionProperties) = preSolution
		HideSolutionNode = FALSE
	EndGlobalSection
	GlobalSection(ExtensibilityGlobals) = postSolution
		SolutionGuid = {7A19204B-49A3-4075-B1CF-D2F67A4CDC9F}
	EndGlobalSection
EndGlobal
