
Microsoft Visual Studio Solution File, Format Version 12.00
# Visual Studio Version 16
VisualStudioVersion = 16.0.30204.135
MinimumVisualStudioVersion = 10.0.40219.1
Project("{FAE04EC0-301F-11D3-BF4B-00C04F79EFBC}") = "EmployeeDatabase", "EmployeeDatabase.csproj", "{3066C789-112B-444D-BABC-81938732C369}"
EndProject
Global
	GlobalSection(SolutionConfigurationPlatforms) = preSolution
		Debug|Any CPU = Debug|Any CPU
		Release|Any CPU = Release|Any CPU
	EndGlobalSection
	GlobalSection(ProjectConfigurationPlatforms) = postSolution
		{3066C789-112B-444D-BABC-81938732C369}.Debug|Any CPU.ActiveCfg = Debug|Any CPU
		{3066C789-112B-444D-BABC-81938732C369}.Debug|Any CPU.Build.0 = Debug|Any CPU
		{3066C789-112B-444D-BABC-81938732C369}.Release|Any CPU.ActiveCfg = Release|Any CPU
		{3066C789-112B-444D-BABC-81938732C369}.Release|Any CPU.Build.0 = Release|Any CPU
	EndGlobalSection
	GlobalSection(SolutionProperties) = preSolution
		HideSolutionNode = FALSE
	EndGlobalSection
	GlobalSection(ExtensibilityGlobals) = postSolution
		SolutionGuid = {6373138D-00CB-4459-AC23-7797324AA1C0}
	EndGlobalSection
EndGlobal
