
Microsoft Visual Studio Solution File, Format Version 12.00
# Visual Studio Version 16
VisualStudioVersion = 16.0.30204.135
MinimumVisualStudioVersion = 10.0.40219.1
Project("{FAE04EC0-301F-11D3-BF4B-00C04F79EFBC}") = "Step237", "Step237.csproj", "{D759ECA2-8B95-44D2-A3E9-C7B8B01B07BA}"
EndProject
Global
	GlobalSection(SolutionConfigurationPlatforms) = preSolution
		Debug|Any CPU = Debug|Any CPU
		Release|Any CPU = Release|Any CPU
	EndGlobalSection
	GlobalSection(ProjectConfigurationPlatforms) = postSolution
		{D759ECA2-8B95-44D2-A3E9-C7B8B01B07BA}.Debug|Any CPU.ActiveCfg = Debug|Any CPU
		{D759ECA2-8B95-44D2-A3E9-C7B8B01B07BA}.Debug|Any CPU.Build.0 = Debug|Any CPU
		{D759ECA2-8B95-44D2-A3E9-C7B8B01B07BA}.Release|Any CPU.ActiveCfg = Release|Any CPU
		{D759ECA2-8B95-44D2-A3E9-C7B8B01B07BA}.Release|Any CPU.Build.0 = Release|Any CPU
	EndGlobalSection
	GlobalSection(SolutionProperties) = preSolution
		HideSolutionNode = FALSE
	EndGlobalSection
	GlobalSection(ExtensibilityGlobals) = postSolution
		SolutionGuid = {75437CCD-4FA1-4908-B971-ECB2B53E779A}
	EndGlobalSection
EndGlobal
