
Microsoft Visual Studio Solution File, Format Version 12.00
# Visual Studio Version 16
VisualStudioVersion = 16.0.30204.135
MinimumVisualStudioVersion = 10.0.40219.1
Project("{FAE04EC0-301F-11D3-BF4B-00C04F79EFBC}") = "Branching", "Branching.csproj", "{C3141518-A6A5-48BB-A6CC-C8741F7065B8}"
EndProject
Global
	GlobalSection(SolutionConfigurationPlatforms) = preSolution
		Debug|Any CPU = Debug|Any CPU
		Release|Any CPU = Release|Any CPU
	EndGlobalSection
	GlobalSection(ProjectConfigurationPlatforms) = postSolution
		{C3141518-A6A5-48BB-A6CC-C8741F7065B8}.Debug|Any CPU.ActiveCfg = Debug|Any CPU
		{C3141518-A6A5-48BB-A6CC-C8741F7065B8}.Debug|Any CPU.Build.0 = Debug|Any CPU
		{C3141518-A6A5-48BB-A6CC-C8741F7065B8}.Release|Any CPU.ActiveCfg = Release|Any CPU
		{C3141518-A6A5-48BB-A6CC-C8741F7065B8}.Release|Any CPU.Build.0 = Release|Any CPU
	EndGlobalSection
	GlobalSection(SolutionProperties) = preSolution
		HideSolutionNode = FALSE
	EndGlobalSection
	GlobalSection(ExtensibilityGlobals) = postSolution
		SolutionGuid = {61F0A090-ED50-45B1-9C3D-D74234B1737C}
	EndGlobalSection
EndGlobal
