
Microsoft Visual Studio Solution File, Format Version 12.00
# Visual Studio Version 16
VisualStudioVersion = 16.0.30204.135
MinimumVisualStudioVersion = 10.0.40219.1
Project("{FAE04EC0-301F-11D3-BF4B-00C04F79EFBC}") = "EnumsPage254", "EnumsPage254.csproj", "{0192F724-F6DF-49D6-B26C-0B32C9EA0EDF}"
EndProject
Global
	GlobalSection(SolutionConfigurationPlatforms) = preSolution
		Debug|Any CPU = Debug|Any CPU
		Release|Any CPU = Release|Any CPU
	EndGlobalSection
	GlobalSection(ProjectConfigurationPlatforms) = postSolution
		{0192F724-F6DF-49D6-B26C-0B32C9EA0EDF}.Debug|Any CPU.ActiveCfg = Debug|Any CPU
		{0192F724-F6DF-49D6-B26C-0B32C9EA0EDF}.Debug|Any CPU.Build.0 = Debug|Any CPU
		{0192F724-F6DF-49D6-B26C-0B32C9EA0EDF}.Release|Any CPU.ActiveCfg = Release|Any CPU
		{0192F724-F6DF-49D6-B26C-0B32C9EA0EDF}.Release|Any CPU.Build.0 = Release|Any CPU
	EndGlobalSection
	GlobalSection(SolutionProperties) = preSolution
		HideSolutionNode = FALSE
	EndGlobalSection
	GlobalSection(ExtensibilityGlobals) = postSolution
		SolutionGuid = {23799EF8-C921-4BE8-B484-576BFEFD8BB3}
	EndGlobalSection
EndGlobal
