
Microsoft Visual Studio Solution File, Format Version 12.00
# Visual Studio Version 16
VisualStudioVersion = 16.0.30204.135
MinimumVisualStudioVersion = 10.0.40219.1
Project("{FAE04EC0-301F-11D3-BF4B-00C04F79EFBC}") = "ShippingQuote", "ShippingQuote.csproj", "{5CEF626C-B18D-406E-A4DF-057F1EB159C5}"
EndProject
Global
	GlobalSection(SolutionConfigurationPlatforms) = preSolution
		Debug|Any CPU = Debug|Any CPU
		Release|Any CPU = Release|Any CPU
	EndGlobalSection
	GlobalSection(ProjectConfigurationPlatforms) = postSolution
		{5CEF626C-B18D-406E-A4DF-057F1EB159C5}.Debug|Any CPU.ActiveCfg = Debug|Any CPU
		{5CEF626C-B18D-406E-A4DF-057F1EB159C5}.Debug|Any CPU.Build.0 = Debug|Any CPU
		{5CEF626C-B18D-406E-A4DF-057F1EB159C5}.Release|Any CPU.ActiveCfg = Release|Any CPU
		{5CEF626C-B18D-406E-A4DF-057F1EB159C5}.Release|Any CPU.Build.0 = Release|Any CPU
	EndGlobalSection
	GlobalSection(SolutionProperties) = preSolution
		HideSolutionNode = FALSE
	EndGlobalSection
	GlobalSection(ExtensibilityGlobals) = postSolution
		SolutionGuid = {96235C6D-3FDA-4084-AA4A-B0CCE82C0BCB}
	EndGlobalSection
EndGlobal
