
Microsoft Visual Studio Solution File, Format Version 12.00
# Visual Studio Version 16
VisualStudioVersion = 16.0.30204.135
MinimumVisualStudioVersion = 10.0.40219.1
Project("{FAE04EC0-301F-11D3-BF4B-00C04F79EFBC}") = "SwitchStatement", "SwitchStatement.csproj", "{223D8B16-8C4A-4480-BB6B-B171492464C9}"
EndProject
Global
	GlobalSection(SolutionConfigurationPlatforms) = preSolution
		Debug|Any CPU = Debug|Any CPU
		Release|Any CPU = Release|Any CPU
	EndGlobalSection
	GlobalSection(ProjectConfigurationPlatforms) = postSolution
		{223D8B16-8C4A-4480-BB6B-B171492464C9}.Debug|Any CPU.ActiveCfg = Debug|Any CPU
		{223D8B16-8C4A-4480-BB6B-B171492464C9}.Debug|Any CPU.Build.0 = Debug|Any CPU
		{223D8B16-8C4A-4480-BB6B-B171492464C9}.Release|Any CPU.ActiveCfg = Release|Any CPU
		{223D8B16-8C4A-4480-BB6B-B171492464C9}.Release|Any CPU.Build.0 = Release|Any CPU
	EndGlobalSection
	GlobalSection(SolutionProperties) = preSolution
		HideSolutionNode = FALSE
	EndGlobalSection
	GlobalSection(ExtensibilityGlobals) = postSolution
		SolutionGuid = {4926B7F9-F716-4239-9A2E-39BE620DDF23}
	EndGlobalSection
EndGlobal
