
Microsoft Visual Studio Solution File, Format Version 12.00
# Visual Studio Version 16
VisualStudioVersion = 16.0.30204.135
MinimumVisualStudioVersion = 10.0.40219.1
Project("{FAE04EC0-301F-11D3-BF4B-00C04F79EFBC}") = "Step219", "Step219.csproj", "{D9F4FAAF-F4ED-4482-8360-EFB652D4AE73}"
EndProject
Global
	GlobalSection(SolutionConfigurationPlatforms) = preSolution
		Debug|Any CPU = Debug|Any CPU
		Release|Any CPU = Release|Any CPU
	EndGlobalSection
	GlobalSection(ProjectConfigurationPlatforms) = postSolution
		{D9F4FAAF-F4ED-4482-8360-EFB652D4AE73}.Debug|Any CPU.ActiveCfg = Debug|Any CPU
		{D9F4FAAF-F4ED-4482-8360-EFB652D4AE73}.Debug|Any CPU.Build.0 = Debug|Any CPU
		{D9F4FAAF-F4ED-4482-8360-EFB652D4AE73}.Release|Any CPU.ActiveCfg = Release|Any CPU
		{D9F4FAAF-F4ED-4482-8360-EFB652D4AE73}.Release|Any CPU.Build.0 = Release|Any CPU
	EndGlobalSection
	GlobalSection(SolutionProperties) = preSolution
		HideSolutionNode = FALSE
	EndGlobalSection
	GlobalSection(ExtensibilityGlobals) = postSolution
		SolutionGuid = {04750454-F9E5-4578-8877-48BCFD54E054}
	EndGlobalSection
EndGlobal
